
Microsoft Visual Studio Solution File, Format Version 12.00
# Visual Studio Version 17
VisualStudioVersion = 17.0.32112.339
MinimumVisualStudioVersion = 10.0.40219.1
Project("{2150E333-8FDC-42A3-9474-1A3956D46DE8}") = "Solution Items", "Solution Items", "{60501138-B82A-40DE-99B4-594A7F566053}"
	ProjectSection(SolutionItems) = preProject
		.editorconfig = .editorconfig
	EndProjectSection
EndProject
Project("{2150E333-8FDC-42A3-9474-1A3956D46DE8}") = "1 - Apresentação", "1 - Apresentação", "{0677DC2E-0311-4DA6-88B9-65F0A5C2F9EB}"
EndProject
Project("{2150E333-8FDC-42A3-9474-1A3956D46DE8}") = "4 - Dominio", "4 - Dominio", "{CEC6F850-DA8A-488D-A220-CED861879666}"
EndProject
Project("{2150E333-8FDC-42A3-9474-1A3956D46DE8}") = "5 - Infra", "5 - Infra", "{7E7222A1-CC80-44F3-B735-77E1F570E5BE}"
EndProject
Project("{2150E333-8FDC-42A3-9474-1A3956D46DE8}") = "Banco de Dados", "Banco de Dados", "{CA362196-0DCA-48A6-99A8-A08C01FF3E5D}"
EndProject
Project("{9A19103F-16F7-4668-BE54-9A1E7A4F7556}") = "eAgenda.WinApp", "eAgenda.WinApp\eAgenda.WinApp.csproj", "{661174F1-5A80-455F-B4AE-01D5ECA3E633}"
EndProject
Project("{9A19103F-16F7-4668-BE54-9A1E7A4F7556}") = "eAgenda.ConsoleApp", "eAgenda.ConsoleApp\eAgenda.ConsoleApp.csproj", "{5CF20BB6-5AAE-4A1B-A02E-49AE4B22E574}"
EndProject
Project("{9A19103F-16F7-4668-BE54-9A1E7A4F7556}") = "eAgenda.Dominio", "eAgenda.Dominio\eAgenda.Dominio.csproj", "{AF035A77-E1DA-45E1-A267-48D1D7D88BAF}"
EndProject
Project("{2150E333-8FDC-42A3-9474-1A3956D46DE8}") = "6 - Testes", "6 - Testes", "{7BBA5A90-5660-4F53-AB60-FE624CFD2549}"
EndProject
Project("{9A19103F-16F7-4668-BE54-9A1E7A4F7556}") = "eAgenda.Dominio.Tests", "eAgenda.Dominio.Tests\eAgenda.Dominio.Tests.csproj", "{32588138-DC5B-45D1-B0DA-CB70128C3360}"
EndProject
Project("{2150E333-8FDC-42A3-9474-1A3956D46DE8}") = "4.1 Testes Unitários", "4.1 Testes Unitários", "{B941D407-FA95-4E27-B90A-6DD1ADE8561F}"
EndProject
Project("{2150E333-8FDC-42A3-9474-1A3956D46DE8}") = "4.2 Testes de Integração", "4.2 Testes de Integração", "{548AE655-A691-460B-8988-D7E822D284A0}"
EndProject
Project("{2150E333-8FDC-42A3-9474-1A3956D46DE8}") = "4.3 Testes e2e", "4.3 Testes e2e", "{0C903065-8B40-4E35-8922-DDB2DE72F686}"
EndProject
Project("{2150E333-8FDC-42A3-9474-1A3956D46DE8}") = "3 - Aplicação", "3 - Aplicação", "{8FA997B6-ED8A-4F37-B8B3-4A34F334572B}"
EndProject
Project("{2150E333-8FDC-42A3-9474-1A3956D46DE8}") = "2 - Distribuição", "2 - Distribuição", "{6FEAD6D0-9EDC-4115-9613-4E98C7F356A1}"
EndProject
Project("{9A19103F-16F7-4668-BE54-9A1E7A4F7556}") = "eAgenda.Aplicacao", "eAgenda.Aplicacao\eAgenda.Aplicacao.csproj", "{80E93FC9-8E34-4975-BC56-622B96C0BF67}"
EndProject
Project("{2150E333-8FDC-42A3-9474-1A3956D46DE8}") = "Orm", "Orm", "{48BC066C-0765-4879-822F-A3D23524FDBD}"
EndProject
Project("{9A19103F-16F7-4668-BE54-9A1E7A4F7556}") = "eAgenda.Infra.Orm", "eAgenda.Infra.Orm\eAgenda.Infra.Orm.csproj", "{B1F8458A-B284-4144-ADD5-E66E3EE9E52A}"
EndProject
Project("{2150E333-8FDC-42A3-9474-1A3956D46DE8}") = "Logs", "Logs", "{F3EFEDD1-42FB-42A5-B542-50B67C6FDA77}"
EndProject
Project("{2150E333-8FDC-42A3-9474-1A3956D46DE8}") = "Config", "Config", "{DB4FF215-5C11-4C83-B72D-C42A28A8923D}"
EndProject
Project("{9A19103F-16F7-4668-BE54-9A1E7A4F7556}") = "eAgenda.Infra.Configs", "eAgenda.Infra.Configs\eAgenda.Infra.Configs.csproj", "{91AD41ED-DF39-4522-A494-13EE90D11363}"
EndProject
Project("{9A19103F-16F7-4668-BE54-9A1E7A4F7556}") = "eAgenda.Infra.Logging", "eAgenda.Infra.Logging\eAgenda.Infra.Logging.csproj", "{F79777E4-E3B2-42A4-A9B4-BCE945F6EA27}"
EndProject
Project("{9A19103F-16F7-4668-BE54-9A1E7A4F7556}") = "eAgenda.Infra.Orm.Tests", "eAgenda.Infra.Orm.Tests\eAgenda.Infra.Orm.Tests.csproj", "{B943060D-BADD-4B7D-B97F-48B88694DE71}"
EndProject
Project("{FAE04EC0-301F-11D3-BF4B-00C04F79EFBC}") = "eAgenda.Webapi", "eAgenda.Webapi\eAgenda.Webapi.csproj", "{0BF669E5-F483-4D4E-8AB5-2455115BAA85}"
EndProject
Global
	GlobalSection(SolutionConfigurationPlatforms) = preSolution
		Debug|Any CPU = Debug|Any CPU
		Release|Any CPU = Release|Any CPU
	EndGlobalSection
	GlobalSection(ProjectConfigurationPlatforms) = postSolution
		{661174F1-5A80-455F-B4AE-01D5ECA3E633}.Debug|Any CPU.ActiveCfg = Debug|Any CPU
		{661174F1-5A80-455F-B4AE-01D5ECA3E633}.Debug|Any CPU.Build.0 = Debug|Any CPU
		{661174F1-5A80-455F-B4AE-01D5ECA3E633}.Release|Any CPU.ActiveCfg = Release|Any CPU
		{661174F1-5A80-455F-B4AE-01D5ECA3E633}.Release|Any CPU.Build.0 = Release|Any CPU
		{5CF20BB6-5AAE-4A1B-A02E-49AE4B22E574}.Debug|Any CPU.ActiveCfg = Debug|Any CPU
		{5CF20BB6-5AAE-4A1B-A02E-49AE4B22E574}.Debug|Any CPU.Build.0 = Debug|Any CPU
		{5CF20BB6-5AAE-4A1B-A02E-49AE4B22E574}.Release|Any CPU.ActiveCfg = Release|Any CPU
		{5CF20BB6-5AAE-4A1B-A02E-49AE4B22E574}.Release|Any CPU.Build.0 = Release|Any CPU
		{AF035A77-E1DA-45E1-A267-48D1D7D88BAF}.Debug|Any CPU.ActiveCfg = Debug|Any CPU
		{AF035A77-E1DA-45E1-A267-48D1D7D88BAF}.Debug|Any CPU.Build.0 = Debug|Any CPU
		{AF035A77-E1DA-45E1-A267-48D1D7D88BAF}.Release|Any CPU.ActiveCfg = Release|Any CPU
		{AF035A77-E1DA-45E1-A267-48D1D7D88BAF}.Release|Any CPU.Build.0 = Release|Any CPU
		{32588138-DC5B-45D1-B0DA-CB70128C3360}.Debug|Any CPU.ActiveCfg = Debug|Any CPU
		{32588138-DC5B-45D1-B0DA-CB70128C3360}.Debug|Any CPU.Build.0 = Debug|Any CPU
		{32588138-DC5B-45D1-B0DA-CB70128C3360}.Release|Any CPU.ActiveCfg = Release|Any CPU
		{32588138-DC5B-45D1-B0DA-CB70128C3360}.Release|Any CPU.Build.0 = Release|Any CPU
		{80E93FC9-8E34-4975-BC56-622B96C0BF67}.Debug|Any CPU.ActiveCfg = Debug|Any CPU
		{80E93FC9-8E34-4975-BC56-622B96C0BF67}.Debug|Any CPU.Build.0 = Debug|Any CPU
		{80E93FC9-8E34-4975-BC56-622B96C0BF67}.Release|Any CPU.ActiveCfg = Release|Any CPU
		{80E93FC9-8E34-4975-BC56-622B96C0BF67}.Release|Any CPU.Build.0 = Release|Any CPU
		{B1F8458A-B284-4144-ADD5-E66E3EE9E52A}.Debug|Any CPU.ActiveCfg = Debug|Any CPU
		{B1F8458A-B284-4144-ADD5-E66E3EE9E52A}.Debug|Any CPU.Build.0 = Debug|Any CPU
		{B1F8458A-B284-4144-ADD5-E66E3EE9E52A}.Release|Any CPU.ActiveCfg = Release|Any CPU
		{B1F8458A-B284-4144-ADD5-E66E3EE9E52A}.Release|Any CPU.Build.0 = Release|Any CPU
		{91AD41ED-DF39-4522-A494-13EE90D11363}.Debug|Any CPU.ActiveCfg = Debug|Any CPU
		{91AD41ED-DF39-4522-A494-13EE90D11363}.Debug|Any CPU.Build.0 = Debug|Any CPU
		{91AD41ED-DF39-4522-A494-13EE90D11363}.Release|Any CPU.ActiveCfg = Release|Any CPU
		{91AD41ED-DF39-4522-A494-13EE90D11363}.Release|Any CPU.Build.0 = Release|Any CPU
		{F79777E4-E3B2-42A4-A9B4-BCE945F6EA27}.Debug|Any CPU.ActiveCfg = Debug|Any CPU
		{F79777E4-E3B2-42A4-A9B4-BCE945F6EA27}.Debug|Any CPU.Build.0 = Debug|Any CPU
		{F79777E4-E3B2-42A4-A9B4-BCE945F6EA27}.Release|Any CPU.ActiveCfg = Release|Any CPU
		{F79777E4-E3B2-42A4-A9B4-BCE945F6EA27}.Release|Any CPU.Build.0 = Release|Any CPU
		{B943060D-BADD-4B7D-B97F-48B88694DE71}.Debug|Any CPU.ActiveCfg = Debug|Any CPU
		{B943060D-BADD-4B7D-B97F-48B88694DE71}.Debug|Any CPU.Build.0 = Debug|Any CPU
		{B943060D-BADD-4B7D-B97F-48B88694DE71}.Release|Any CPU.ActiveCfg = Release|Any CPU
		{B943060D-BADD-4B7D-B97F-48B88694DE71}.Release|Any CPU.Build.0 = Release|Any CPU
		{0BF669E5-F483-4D4E-8AB5-2455115BAA85}.Debug|Any CPU.ActiveCfg = Debug|Any CPU
		{0BF669E5-F483-4D4E-8AB5-2455115BAA85}.Debug|Any CPU.Build.0 = Debug|Any CPU
		{0BF669E5-F483-4D4E-8AB5-2455115BAA85}.Release|Any CPU.ActiveCfg = Release|Any CPU
		{0BF669E5-F483-4D4E-8AB5-2455115BAA85}.Release|Any CPU.Build.0 = Release|Any CPU
	EndGlobalSection
	GlobalSection(SolutionProperties) = preSolution
		HideSolutionNode = FALSE
	EndGlobalSection
	GlobalSection(NestedProjects) = preSolution
		{CA362196-0DCA-48A6-99A8-A08C01FF3E5D} = {7E7222A1-CC80-44F3-B735-77E1F570E5BE}
		{661174F1-5A80-455F-B4AE-01D5ECA3E633} = {0677DC2E-0311-4DA6-88B9-65F0A5C2F9EB}
		{5CF20BB6-5AAE-4A1B-A02E-49AE4B22E574} = {0677DC2E-0311-4DA6-88B9-65F0A5C2F9EB}
		{AF035A77-E1DA-45E1-A267-48D1D7D88BAF} = {CEC6F850-DA8A-488D-A220-CED861879666}
		{32588138-DC5B-45D1-B0DA-CB70128C3360} = {B941D407-FA95-4E27-B90A-6DD1ADE8561F}
		{B941D407-FA95-4E27-B90A-6DD1ADE8561F} = {7BBA5A90-5660-4F53-AB60-FE624CFD2549}
		{548AE655-A691-460B-8988-D7E822D284A0} = {7BBA5A90-5660-4F53-AB60-FE624CFD2549}
		{0C903065-8B40-4E35-8922-DDB2DE72F686} = {7BBA5A90-5660-4F53-AB60-FE624CFD2549}
		{80E93FC9-8E34-4975-BC56-622B96C0BF67} = {8FA997B6-ED8A-4F37-B8B3-4A34F334572B}
		{48BC066C-0765-4879-822F-A3D23524FDBD} = {CA362196-0DCA-48A6-99A8-A08C01FF3E5D}
		{B1F8458A-B284-4144-ADD5-E66E3EE9E52A} = {48BC066C-0765-4879-822F-A3D23524FDBD}
		{F3EFEDD1-42FB-42A5-B542-50B67C6FDA77} = {7E7222A1-CC80-44F3-B735-77E1F570E5BE}
		{DB4FF215-5C11-4C83-B72D-C42A28A8923D} = {7E7222A1-CC80-44F3-B735-77E1F570E5BE}
		{91AD41ED-DF39-4522-A494-13EE90D11363} = {DB4FF215-5C11-4C83-B72D-C42A28A8923D}
		{F79777E4-E3B2-42A4-A9B4-BCE945F6EA27} = {F3EFEDD1-42FB-42A5-B542-50B67C6FDA77}
		{B943060D-BADD-4B7D-B97F-48B88694DE71} = {548AE655-A691-460B-8988-D7E822D284A0}
		{0BF669E5-F483-4D4E-8AB5-2455115BAA85} = {6FEAD6D0-9EDC-4115-9613-4E98C7F356A1}
	EndGlobalSection
	GlobalSection(ExtensibilityGlobals) = postSolution
		SolutionGuid = {70E43CAF-4BE0-4981-8F72-7FCAFEA5FFBC}
	EndGlobalSection
EndGlobal
